github.com/hrfee/jfa-go/logmessages v0.0.0-20240806200606-6308db495a0a h1:qbXZgCqb9eaPSJfLEXczQD2lxTv6jb6silMPIWW9j6o=
github.com/hrfee/jfa-go/logmessages v0.0.0-20240806200606-6308db495a0a/go.mod h1:c5HKkLayo0GrEUDlJwT12b67BL9cdPjP271Xlv/KDRQ=
gopkg.in/check.v1 v0.0.0-20161208181325-20d25e280405/go.mod h1:Co6ibVJAznAaIkqp8huTwlJQCZ016jof/cbN4VW5Yz0=
gopkg.in/ini.v1 v1.67.0 h1:Dgnx+6+nfE+IfzjUEISNeydPJh9AXNNsWbGP9KzCsOA=
gopkg.in/ini.v1 v1.67.0/go.mod h1:pNLf8WUiyNEtQjuu5G5vTm06TEv9tsIgeAvK8hOrP4k=
gopkg.in/yaml.v3 v3.0.1 h1:fxVm/GzAzEWqLHuvctI91KS9hhNmmWOoWu0XTYJS7CA=
gopkg.in/yaml.v3 v3.0.1/go.mod h1:K4uyk7z7BCEPqu6E+C64Yfv1cQ7kz7rIZviUmN+EgEM=
