github.com/magisterquis/connectproxy v0.0.0-20200725203833-3582e84f0c9b h1:xZ59n7Frzh8CwyfAapUZLSg+gXH5m63YEaFCMpDHhpI=
github.com/magisterquis/connectproxy v0.0.0-20200725203833-3582e84f0c9b/go.mod h1:uDd4sYVYsqcxAB8j+Q7uhL6IJCs/r1kxib1HV4bgOMg=
golang.org/x/net v0.15.0 h1:ugBLEUaxABaB5AJqW9enI0ACdci2RUd4eP51NTBvuJ8=
golang.org/x/net v0.15.0/go.mod h1:idbUs1IY1+zTqbi8yxTbhexhEEk5ur9LInksu6HrEpk=
